# This file is automatically @generated by Poetry 1.8.2 and should not be changed by hand.

[[package]]
name = "asgiref"
version = "3.8.1"
description = "ASGI specs, helper code, and adapters"
optional = false
python-versions = ">=3.8"
files = [
    {file = "asgiref-3.8.1-py3-none-any.whl", hash = "sha256:3e1e3ecc849832fe52ccf2cb6686b7a55f82bb1d6aee72a58826471390335e47"},
    {file = "asgiref-3.8.1.tar.gz", hash = "sha256:c343bd80a0bec947a9860adb4c432ffa7db769836c64238fc34bdc3fec84d590"},
]

[package.extras]
tests = ["mypy (>=0.800)", "pytest", "pytest-asyncio"]

[[package]]
name = "colorama"
version = "0.4.6"
description = "Cross-platform colored terminal text."
optional = false
python-versions = "!=3.0.*,!=3.1.*,!=3.2.*,!=3.3.*,!=3.4.*,!=3.5.*,!=3.6.*,>=2.7"
files = [
    {file = "colorama-0.4.6-py2.py3-none-any.whl", hash = "sha256:4f1d9991f5acc0ca119f9d443620b77f9d6b33703e51011c16baf57afb285fc6"},
    {file = "colorama-0.4.6.tar.gz", hash = "sha256:08695f5cb7ed6e0531a20572697297273c47b8cae5a63ffc6d6ed5c201be6e44"},
]

[[package]]
name = "dj-database-url"
version = "2.3.0"
description = "Use Database URLs in your Django Application."
optional = false
python-versions = "*"
files = [
    {file = "dj_database_url-2.3.0-py3-none-any.whl", hash = "sha256:bb0d414ba0ac5cd62773ec7f86f8cc378a9dbb00a80884c2fc08cc570452521e"},
    {file = "dj_database_url-2.3.0.tar.gz", hash = "sha256:ae52e8e634186b57e5a45e445da5dc407a819c2ceed8a53d1fac004cc5288787"},
]

[package.dependencies]
Django = ">=4.2"
typing_extensions = ">=3.10.0.0"

[[package]]
name = "django"
version = "5.1.7"
description = "A high-level Python web framework that encourages rapid development and clean, pragmatic design."
optional = false
python-versions = ">=3.10"
files = [
    {file = "Django-5.1.7-py3-none-any.whl", hash = "sha256:1323617cb624add820cb9611cdcc788312d250824f92ca6048fda8625514af2b"},
    {file = "Django-5.1.7.tar.gz", hash = "sha256:30de4ee43a98e5d3da36a9002f287ff400b43ca51791920bfb35f6917bfe041c"},
]

[package.dependencies]
asgiref = ">=3.8.1,<4"
sqlparse = ">=0.3.1"
tzdata = {version = "*", markers = "sys_platform == \"win32\""}

[package.extras]
argon2 = ["argon2-cffi (>=19.1.0)"]
bcrypt = ["bcrypt"]

[[package]]
name = "environs"
version = "14.1.1"
description = "simplified environment variable parsing"
optional = false
python-versions = ">=3.9"
files = [
    {file = "environs-14.1.1-py3-none-any.whl", hash = "sha256:45bc56f1d53bbc59d8dd69bba97377dd88ec28b8229d81cedbd455b21789445b"},
    {file = "environs-14.1.1.tar.gz", hash = "sha256:03db7ee2d50ec697b68814cd175a3a05a7c7954804e4e419ca8b570dc5a835cf"},
]

[package.dependencies]
marshmallow = ">=3.18.0"
python-dotenv = "*"

[package.extras]
dev = ["environs[tests]", "pre-commit (>=4.0,<5.0)", "tox"]
django = ["dj-database-url", "dj-email-url", "django-cache-url"]
tests = ["backports.strenum", "environs[django]", "packaging", "pytest"]

[[package]]
name = "factory-boy"
version = "3.3.3"
description = "A versatile test fixtures replacement based on thoughtbot's factory_bot for Ruby."
optional = false
python-versions = ">=3.8"
files = [
    {file = "factory_boy-3.3.3-py2.py3-none-any.whl", hash = "sha256:1c39e3289f7e667c4285433f305f8d506efc2fe9c73aaea4151ebd5cdea394fc"},
    {file = "factory_boy-3.3.3.tar.gz", hash = "sha256:866862d226128dfac7f2b4160287e899daf54f2612778327dd03d0e2cb1e3d03"},
]

[package.dependencies]
Faker = ">=0.7.0"

[package.extras]
dev = ["Django", "Pillow", "SQLAlchemy", "coverage", "flake8", "isort", "mongoengine", "mongomock", "mypy", "tox", "wheel (>=0.32.0)", "zest.releaser[recommended]"]
doc = ["Sphinx", "sphinx-rtd-theme", "sphinxcontrib-spelling"]

[[package]]
name = "faker"
version = "37.0.0"
description = "Faker is a Python package that generates fake data for you."
optional = false
python-versions = ">=3.9"
files = [
    {file = "faker-37.0.0-py3-none-any.whl", hash = "sha256:2598f78b76710a4ed05e197dda5235be409b4c291ba5c9c7514989cfbc7a5144"},
    {file = "faker-37.0.0.tar.gz", hash = "sha256:d2e4e2a30d459a8ec0ae52a552aa51c48973cb32cf51107dee90f58a8322a880"},
]

[package.dependencies]
tzdata = "*"

[[package]]
name = "inflection"
version = "0.5.1"
description = "A port of Ruby on Rails inflector to Python"
optional = false
python-versions = ">=3.5"
files = [
    {file = "inflection-0.5.1-py2.py3-none-any.whl", hash = "sha256:f38b2b640938a4f35ade69ac3d053042959b62a0f1076a5bbaa1b9526605a8a2"},
    {file = "inflection-0.5.1.tar.gz", hash = "sha256:1a29730d366e996aaacffb2f1f1cb9593dc38e2ddd30c91250c6dde09ea9b417"},
]

[[package]]
name = "iniconfig"
version = "2.0.0"
description = "brain-dead simple config-ini parsing"
optional = false
python-versions = ">=3.7"
files = [
    {file = "iniconfig-2.0.0-py3-none-any.whl", hash = "sha256:b6a85871a79d2e3b22d2d1b94ac2824226a63c6b741c88f7ae975f18b6778374"},
    {file = "iniconfig-2.0.0.tar.gz", hash = "sha256:2d91e135bf72d31a410b17c16da610a82cb55f6b0477d1a902134b24a455b8b3"},
]

[[package]]
name = "marshmallow"
version = "3.26.1"
description = "A lightweight library for converting complex datatypes to and from native Python datatypes."
optional = false
python-versions = ">=3.9"
files = [
    {file = "marshmallow-3.26.1-py3-none-any.whl", hash = "sha256:3350409f20a70a7e4e11a27661187b77cdcaeb20abca41c1454fe33636bea09c"},
    {file = "marshmallow-3.26.1.tar.gz", hash = "sha256:e6d8affb6cb61d39d26402096dc0aee12d5a26d490a121f118d2e81dc0719dc6"},
]

[package.dependencies]
packaging = ">=17.0"

[package.extras]
dev = ["marshmallow[tests]", "pre-commit (>=3.5,<5.0)", "tox"]
docs = ["autodocsumm (==0.2.14)", "furo (==2024.8.6)", "sphinx (==8.1.3)", "sphinx-copybutton (==0.5.2)", "sphinx-issues (==5.0.0)", "sphinxext-opengraph (==0.9.1)"]
tests = ["pytest", "simplejson"]

[[package]]
name = "packaging"
version = "24.2"
description = "Core utilities for Python packages"
optional = false
python-versions = ">=3.8"
files = [
    {file = "packaging-24.2-py3-none-any.whl", hash = "sha256:09abb1bccd265c01f4a3aa3f7a7db064b36514d2cba19a2f694fe6150451a759"},
    {file = "packaging-24.2.tar.gz", hash = "sha256:c228a6dc5e932d346bc5739379109d49e8853dd8223571c7c5b55260edc0b97f"},
]

[[package]]
name = "pluggy"
version = "1.5.0"
description = "plugin and hook calling mechanisms for python"
optional = false
python-versions = ">=3.8"
files = [
    {file = "pluggy-1.5.0-py3-none-any.whl", hash = "sha256:44e1ad92c8ca002de6377e165f3e0f1be63266ab4d554740532335b9d75ea669"},
    {file = "pluggy-1.5.0.tar.gz", hash = "sha256:2cffa88e94fdc978c4c574f15f9e59b7f4201d439195c3715ca9e2486f1d0cf1"},
]

[package.extras]
dev = ["pre-commit", "tox"]
testing = ["pytest", "pytest-benchmark"]

[[package]]
name = "psycopg"
version = "3.2.6"
description = "PostgreSQL database adapter for Python"
optional = false
python-versions = ">=3.8"
files = [
    {file = "psycopg-3.2.6-py3-none-any.whl", hash = "sha256:f3ff5488525890abb0566c429146add66b329e20d6d4835662b920cbbf90ac58"},
    {file = "psycopg-3.2.6.tar.gz", hash = "sha256:16fa094efa2698f260f2af74f3710f781e4a6f226efe9d1fd0c37f384639ed8a"},
]

[package.dependencies]
psycopg-binary = {version = "3.2.6", optional = true, markers = "implementation_name != \"pypy\" and extra == \"binary\""}
typing-extensions = {version = ">=4.6", markers = "python_version < \"3.13\""}
tzdata = {version = "*", markers = "sys_platform == \"win32\""}

[package.extras]
binary = ["psycopg-binary (==3.2.6)"]
c = ["psycopg-c (==3.2.6)"]
dev = ["ast-comments (>=1.1.2)", "black (>=24.1.0)", "codespell (>=2.2)", "dnspython (>=2.1)", "flake8 (>=4.0)", "isort-psycopg", "isort[colors] (>=6.0)", "mypy (>=1.14)", "pre-commit (>=4.0.1)", "types-setuptools (>=57.4)", "wheel (>=0.37)"]
docs = ["Sphinx (>=5.0)", "furo (==2022.6.21)", "sphinx-autobuild (>=2021.3.14)", "sphinx-autodoc-typehints (>=1.12)"]
pool = ["psycopg-pool"]
test = ["anyio (>=4.0)", "mypy (>=1.14)", "pproxy (>=2.7)", "pytest (>=6.2.5)", "pytest-cov (>=3.0)", "pytest-randomly (>=3.5)"]

[[package]]
name = "psycopg-binary"
version = "3.2.6"
description = "PostgreSQL database adapter for Python -- C optimisation distribution"
optional = false
python-versions = ">=3.8"
files = [
    {file = "psycopg_binary-3.2.6-cp310-cp310-macosx_10_9_x86_64.whl", hash = "sha256:1b639acb3e24243c23f75700bf6e3af7b76da92523ec7c3196a13aaf0b578453"},
    {file = "psycopg_binary-3.2.6-cp310-cp310-macosx_11_0_arm64.whl", hash = "sha256:1b5c359173726b38d7acbb9f73270f269591d8031d099c1a70dd3f3d22b0e8a8"},
    {file = "psycopg_binary-3.2.6-cp310-cp310-manylinux_2_17_aarch64.manylinux2014_aarch64.whl", hash = "sha256:3434efe7c00f505f4c1e531519dac6c701df738ba7a1328eac81118d80019132"},
    {file = "psycopg_binary-3.2.6-cp310-cp310-manylinux_2_17_i686.manylinux2014_i686.whl", hash = "sha256:9bca8d9643191b13193940bbf84d51ac5a747e965c230177258fb02b8043fb7a"},
    {file = "psycopg_binary-3.2.6-cp310-cp310-manylinux_2_17_ppc64le.manylinux2014_ppc64le.whl", hash = "sha256:55fa40f11d37e6e5149a282a5fd7e0734ce55c623673bfba638480914fd1414c"},
    {file = "psycopg_binary-3.2.6-cp310-cp310-manylinux_2_17_x86_64.manylinux2014_x86_64.whl", hash = "sha256:0690ac1061c655b1bcbe9284d07bf5276bc9c0d788a6c74aaf3b042e64984b83"},
    {file = "psycopg_binary-3.2.6-cp310-cp310-musllinux_1_2_aarch64.whl", hash = "sha256:e9a4a9967ff650d2821d5fad6bec7b15f4c2072603e9fa3f89a39f351ade1fd3"},
    {file = "psycopg_binary-3.2.6-cp310-cp310-musllinux_1_2_i686.whl", hash = "sha256:d6f2894cc7aee8a15fe591e8536911d9c015cb404432cf7bdac2797e54cb2ba8"},
    {file = "psycopg_binary-3.2.6-cp310-cp310-musllinux_1_2_ppc64le.whl", hash = "sha256:05560c81312d7c2bee95a9860cd25198677f2320fb4a3527bc04e8cae7fcfb64"},
    {file = "psycopg_binary-3.2.6-cp310-cp310-musllinux_1_2_x86_64.whl", hash = "sha256:4269cd23a485d6dd6eb6b10841c94551a53091cf0b1b6d5247a6a341f53f0d95"},
    {file = "psycopg_binary-3.2.6-cp310-cp310-win_amd64.whl", hash = "sha256:7942f35a6f314608720116bcd9de240110ceadffd2ac5c34f68f74a31e52e46a"},
    {file = "psycopg_binary-3.2.6-cp311-cp311-macosx_10_9_x86_64.whl", hash = "sha256:7afe181f6b3eb714362e9b6a2dc2a589bff60471a1d8639fd231a4e426e01523"},
    {file = "psycopg_binary-3.2.6-cp311-cp311-macosx_11_0_arm64.whl", hash = "sha256:34bb0fceba0773dc0bfb53224bb2c0b19dc97ea0a997a223615484cf02cae55c"},
    {file = "psycopg_binary-3.2.6-cp311-cp311-manylinux_2_17_aarch64.manylinux2014_aarch64.whl", hash = "sha256:54120122d2779dcd307f49e1f921d757fe5dacdced27deab37f277eef0c52a5b"},
    {file = "psycopg_binary-3.2.6-cp311-cp311-manylinux_2_17_i686.manylinux2014_i686.whl", hash = "sha256:816aa556f63b2303e66ba6c8888a8b3f3e6e4e47049ec7a4d62c84ac60b091ca"},
    {file = "psycopg_binary-3.2.6-cp311-cp311-manylinux_2_17_ppc64le.manylinux2014_ppc64le.whl", hash = "sha256:d19a0ba351eda9a59babf8c7c9d89c7bbc5b26bf096bc349b096bd0dd2482088"},
    {file = "psycopg_binary-3.2.6-cp311-cp311-manylinux_2_17_x86_64.manylinux2014_x86_64.whl", hash = "sha256:d6e197e01290ef818a092c877025fc28096adbb6d0743e313491a21aab31bd96"},
    {file = "psycopg_binary-3.2.6-cp311-cp311-musllinux_1_2_aarch64.whl", hash = "sha256:274794b4b29ef426e09086404446b61a146f5e756da71366c5a6d57abec31f7d"},
    {file = "psycopg_binary-3.2.6-cp311-cp311-musllinux_1_2_i686.whl", hash = "sha256:69845bdc0db519e1dfc27932cd3d5b1ecb3f72950af52a1987508ab0b52b3b55"},
    {file = "psycopg_binary-3.2.6-cp311-cp311-musllinux_1_2_ppc64le.whl", hash = "sha256:66c3bed2caf0d1cabcb9365064de183b5209a7cbeaa131e79e68f350c9c963c2"},
    {file = "psycopg_binary-3.2.6-cp311-cp311-musllinux_1_2_x86_64.whl", hash = "sha256:e3ae3201fe85c7f901349a2cf52f02ceca4cb97a5e2e2ac8b8a1c9a6eb747bed"},
    {file = "psycopg_binary-3.2.6-cp311-cp311-win_amd64.whl", hash = "sha256:58f443b4df2adb59937c96775fadf4967f93d952fbcc82394446985faec11041"},
    {file = "psycopg_binary-3.2.6-cp312-cp312-macosx_10_13_x86_64.whl", hash = "sha256:f27a46ff0497e882e8c0286e8833c785b4d1a80f23e1bf606f4c90e5f9f3ce75"},
    {file = "psycopg_binary-3.2.6-cp312-cp312-macosx_11_0_arm64.whl", hash = "sha256:b30ee4821ded7de48b8048b14952512588e7c5477b0a5965221e1798afba61a1"},
    {file = "psycopg_binary-3.2.6-cp312-cp312-manylinux_2_17_aarch64.manylinux2014_aarch64.whl", hash = "sha256:e57edf3b1f5427f39660225b01f8e7b97f5cfab132092f014bf1638bc85d81d2"},
    {file = "psycopg_binary-3.2.6-cp312-cp312-manylinux_2_17_i686.manylinux2014_i686.whl", hash = "sha256:6c5172ce3e4ae7a4fd450070210f801e2ce6bc0f11d1208d29268deb0cda34de"},
    {file = "psycopg_binary-3.2.6-cp312-cp312-manylinux_2_17_ppc64le.manylinux2014_ppc64le.whl", hash = "sha256:bcfab3804c43571a6615e559cdc4c4115785d258a4dd71a721be033f5f5f378d"},
    {file = "psycopg_binary-3.2.6-cp312-cp312-manylinux_2_17_x86_64.manylinux2014_x86_64.whl", hash = "sha256:8fa1c920cce16f1205f37b20c685c58b9656b170b8b4c93629100d342d0d118e"},
    {file = "psycopg_binary-3.2.6-cp312-cp312-musllinux_1_2_aarch64.whl", hash = "sha256:2e118d818101c1608c6b5ba52a6c977614d8f05aa89467501172ba4d10588e11"},
    {file = "psycopg_binary-3.2.6-cp312-cp312-musllinux_1_2_i686.whl", hash = "sha256:763319a8bfeca77d31512da71f5a33459b9568a7621c481c3828c62f9c38f351"},
    {file = "psycopg_binary-3.2.6-cp312-cp312-musllinux_1_2_ppc64le.whl", hash = "sha256:2fbc05819560389dbece046966bc88e0f2ea77673497e274c4293b8b4c1d0703"},
    {file = "psycopg_binary-3.2.6-cp312-cp312-musllinux_1_2_x86_64.whl", hash = "sha256:5a57f99bb953b4bd6f32d0a9844664e7f6ca5ead9ba40e96635be3cd30794813"},
    {file = "psycopg_binary-3.2.6-cp312-cp312-win_amd64.whl", hash = "sha256:5de6809e19a465dcb9c269675bded46a135f2d600cd99f0735afbb21ddad2af4"},
    {file = "psycopg_binary-3.2.6-cp313-cp313-macosx_10_13_x86_64.whl", hash = "sha256:54af3fbf871baa2eb19df96fd7dc0cbd88e628a692063c3d1ab5cdd00aa04322"},
    {file = "psycopg_binary-3.2.6-cp313-cp313-macosx_11_0_arm64.whl", hash = "sha256:ad5da1e4636776c21eaeacdec42f25fa4612631a12f25cd9ab34ddf2c346ffb9"},
    {file = "psycopg_binary-3.2.6-cp313-cp313-manylinux_2_17_aarch64.manylinux2014_aarch64.whl", hash = "sha256:f7956b9ea56f79cd86eddcfbfc65ae2af1e4fe7932fa400755005d903c709370"},
    {file = "psycopg_binary-3.2.6-cp313-cp313-manylinux_2_17_i686.manylinux2014_i686.whl", hash = "sha256:1e2efb763188008cf2914820dcb9fb23c10fe2be0d2c97ef0fac7cec28e281d8"},
    {file = "psycopg_binary-3.2.6-cp313-cp313-manylinux_2_17_ppc64le.manylinux2014_ppc64le.whl", hash = "sha256:4b3aab3451679f1e7932270e950259ed48c3b79390022d3f660491c0e65e4838"},
    {file = "psycopg_binary-3.2.6-cp313-cp313-manylinux_2_17_x86_64.manylinux2014_x86_64.whl", hash = "sha256:849a370ac4e125f55f2ad37f928e588291a67ccf91fa33d0b1e042bb3ee1f986"},
    {file = "psycopg_binary-3.2.6-cp313-cp313-musllinux_1_2_aarch64.whl", hash = "sha256:566d4ace928419d91f1eb3227fc9ef7b41cf0ad22e93dd2c3368d693cf144408"},
    {file = "psycopg_binary-3.2.6-cp313-cp313-musllinux_1_2_i686.whl", hash = "sha256:f1981f13b10de2f11cfa2f99a8738b35b3f0a0f3075861446894a8d3042430c0"},
    {file = "psycopg_binary-3.2.6-cp313-cp313-musllinux_1_2_ppc64le.whl", hash = "sha256:36f598300b55b3c983ae8df06473ad27333d2fd9f3e2cfdb913b3a5aaa3a8bcf"},
    {file = "psycopg_binary-3.2.6-cp313-cp313-musllinux_1_2_x86_64.whl", hash = "sha256:0f4699fa5fe1fffb0d6b2d14b31fd8c29b7ea7375f89d5989f002aaf21728b21"},
    {file = "psycopg_binary-3.2.6-cp313-cp313-win_amd64.whl", hash = "sha256:afe697b8b0071f497c5d4c0f41df9e038391534f5614f7fb3a8c1ca32d66e860"},
    {file = "psycopg_binary-3.2.6-cp38-cp38-macosx_10_9_x86_64.whl", hash = "sha256:da5554553b8d9fb7ab6bb1a37cc53f20ada9024916c60f40c09ab1a675323f2f"},
    {file = "psycopg_binary-3.2.6-cp38-cp38-manylinux_2_17_aarch64.manylinux2014_aarch64.whl", hash = "sha256:1b7e3ccc43c395edba8039c9e407b01ed1844304c7f2f4aa99d34d04ed067c83"},
    {file = "psycopg_binary-3.2.6-cp38-cp38-manylinux_2_17_i686.manylinux2014_i686.whl", hash = "sha256:8d55405efc8a96aa0ecb2d5d6af552d35c744f160b133fa690814a68d9a952c8"},
    {file = "psycopg_binary-3.2.6-cp38-cp38-manylinux_2_17_ppc64le.manylinux2014_ppc64le.whl", hash = "sha256:58d5cfb1687b69b3484a034d1aa6e5c11f0c1d46757e978ed59fab59ce83fd37"},
    {file = "psycopg_binary-3.2.6-cp38-cp38-manylinux_2_17_x86_64.manylinux2014_x86_64.whl", hash = "sha256:3761c4107dab218c32ce4b10b1ae5ed686d41b882bfcb05f5bebc2be9488442f"},
    {file = "psycopg_binary-3.2.6-cp38-cp38-musllinux_1_2_aarch64.whl", hash = "sha256:45f1526e12cb480586c74670f46563d3090fc2a93e859ccf71efae61f04cef4b"},
    {file = "psycopg_binary-3.2.6-cp38-cp38-musllinux_1_2_i686.whl", hash = "sha256:b4d4fd4415d5219785fb082e28d84be4fbd90c3bff3d861877db0aa6b0edd70b"},
    {file = "psycopg_binary-3.2.6-cp38-cp38-musllinux_1_2_ppc64le.whl", hash = "sha256:eb8a1e6b8130fee0b48107739e09553d50c6f031d0b3fcc33f885bb64fa01105"},
    {file = "psycopg_binary-3.2.6-cp38-cp38-musllinux_1_2_x86_64.whl", hash = "sha256:7adf1460c05f7366f0fe9cf2d24e46abca9eb621705322bbd0c3f3e3a5edb2b4"},
    {file = "psycopg_binary-3.2.6-cp38-cp38-win_amd64.whl", hash = "sha256:28505f52ceef60554b5ab3289bf5aed2e7e57fa8e9a59a979d82db944e256a6c"},
    {file = "psycopg_binary-3.2.6-cp39-cp39-macosx_10_9_x86_64.whl", hash = "sha256:260c43c329e668606388cee78ec0dab083a25c2c6e6f9cf74a130fd5a27b0f87"},
    {file = "psycopg_binary-3.2.6-cp39-cp39-macosx_11_0_arm64.whl", hash = "sha256:9870e51fad4684dbdec057fa757d65e61cb2acb16236836e9360044c2a1ec880"},
    {file = "psycopg_binary-3.2.6-cp39-cp39-manylinux_2_17_aarch64.manylinux2014_aarch64.whl", hash = "sha256:030e9c3082a931e972b029b3cef085784a3bf7f8e18367ae50d5b809aa6e1d87"},
    {file = "psycopg_binary-3.2.6-cp39-cp39-manylinux_2_17_i686.manylinux2014_i686.whl", hash = "sha256:b60c9ed291fbd5e777c2c630dcfd10b7a87d68512b0757d5e7406d9c4895a82a"},
    {file = "psycopg_binary-3.2.6-cp39-cp39-manylinux_2_17_ppc64le.manylinux2014_ppc64le.whl", hash = "sha256:2e0f4a17a9c376c195e403b4826c18f325bd28f425231d36d1036258bf893e23"},
    {file = "psycopg_binary-3.2.6-cp39-cp39-manylinux_2_17_x86_64.manylinux2014_x86_64.whl", hash = "sha256:ac46da609624b16d961f604b3cbc3233ef43211ef1456a188f8c427109c9c3e1"},
    {file = "psycopg_binary-3.2.6-cp39-cp39-musllinux_1_2_aarch64.whl", hash = "sha256:e77949b8e7014b85cee0bf6e9e041bcae7719b2693ebf59236368fb0b2a08814"},
    {file = "psycopg_binary-3.2.6-cp39-cp39-musllinux_1_2_i686.whl", hash = "sha256:532322d9ef6e7d178a4f344970b017110633bcc3dc1c3403efcef55aad612517"},
    {file = "psycopg_binary-3.2.6-cp39-cp39-musllinux_1_2_ppc64le.whl", hash = "sha256:880c5fd76dcb50bdcc8f87359e5a6c7eb416697cc9aa02854c91223bd999c045"},
    {file = "psycopg_binary-3.2.6-cp39-cp39-musllinux_1_2_x86_64.whl", hash = "sha256:3c0cddc7458b8416d77cd8829d0192466502f31d1fb853d58613cf13ac64f41c"},
    {file = "psycopg_binary-3.2.6-cp39-cp39-win_amd64.whl", hash = "sha256:ea158665676f42b19585dfe948071d3c5f28276f84a97522fb2e82c1d9194563"},
]

[[package]]
name = "pytest"
version = "8.3.5"
description = "pytest: simple powerful testing with Python"
optional = false
python-versions = ">=3.8"
files = [
    {file = "pytest-8.3.5-py3-none-any.whl", hash = "sha256:c69214aa47deac29fad6c2a4f590b9c4a9fdb16a403176fe154b79c0b4d4d820"},
    {file = "pytest-8.3.5.tar.gz", hash = "sha256:f4efe70cc14e511565ac476b57c279e12a855b11f48f212af1080ef2263d3845"},
]

[package.dependencies]
colorama = {version = "*", markers = "sys_platform == \"win32\""}
iniconfig = "*"
packaging = "*"
pluggy = ">=1.5,<2"

[package.extras]
dev = ["argcomplete", "attrs (>=19.2)", "hypothesis (>=3.56)", "mock", "pygments (>=2.7.2)", "requests", "setuptools", "xmlschema"]

[[package]]
name = "pytest-django"
version = "4.10.0"
description = "A Django plugin for pytest."
optional = false
python-versions = ">=3.8"
files = [
    {file = "pytest_django-4.10.0-py3-none-any.whl", hash = "sha256:57c74ef3aa9d89cae5a5d73fbb69a720a62673ade7ff13b9491872409a3f5918"},
    {file = "pytest_django-4.10.0.tar.gz", hash = "sha256:1091b20ea1491fd04a310fc9aaff4c01b4e8450e3b157687625e16a6b5f3a366"},
]

[package.dependencies]
pytest = ">=7.0.0"

[package.extras]
docs = ["sphinx", "sphinx_rtd_theme"]
testing = ["Django", "django-configurations (>=2.0)"]

[[package]]
name = "pytest-factoryboy"
version = "2.7.0"
description = "Factory Boy support for pytest."
optional = false
python-versions = ">=3.8"
files = [
    {file = "pytest_factoryboy-2.7.0-py3-none-any.whl", hash = "sha256:bf3222db22d954fbf46f4bff902a0a8d82f3fc3594a47c04bbdc0546ff4c59a6"},
    {file = "pytest_factoryboy-2.7.0.tar.gz", hash = "sha256:67fc54ec8669a3feb8ac60094dd57cd71eb0b20b2c319d2957873674c776a77b"},
]

[package.dependencies]
factory_boy = ">=2.10.0"
inflection = "*"
packaging = "*"
pytest = ">=6.2"
typing_extensions = "*"

[[package]]
name = "python-dotenv"
version = "1.0.1"
description = "Read key-value pairs from a .env file and set them as environment variables"
optional = false
python-versions = ">=3.8"
files = [
    {file = "python-dotenv-1.0.1.tar.gz", hash = "sha256:e324ee90a023d808f1959c46bcbc04446a10ced277783dc6ee09987c37ec10ca"},
    {file = "python_dotenv-1.0.1-py3-none-any.whl", hash = "sha256:f7b63ef50f1b690dddf550d03497b66d609393b40b564ed0d674909a68ebf16a"},
]

[package.extras]
cli = ["click (>=5.0)"]

[[package]]
name = "sqlparse"
version = "0.5.3"
description = "A non-validating SQL parser."
optional = false
python-versions = ">=3.8"
files = [
    {file = "sqlparse-0.5.3-py3-none-any.whl", hash = "sha256:cf2196ed3418f3ba5de6af7e82c694a9fbdbfecccdfc72e281548517081f16ca"},
    {file = "sqlparse-0.5.3.tar.gz", hash = "sha256:09f67787f56a0b16ecdbde1bfc7f5d9c3371ca683cfeaa8e6ff60b4807ec9272"},
]

[package.extras]
dev = ["build", "hatch"]
doc = ["sphinx"]

[[package]]
name = "typing-extensions"
version = "4.12.2"
description = "Backported and Experimental Type Hints for Python 3.8+"
optional = false
python-versions = ">=3.8"
files = [
    {file = "typing_extensions-4.12.2-py3-none-any.whl", hash = "sha256:04e5ca0351e0f3f85c6853954072df659d0d13fac324d0072316b67d7794700d"},
    {file = "typing_extensions-4.12.2.tar.gz", hash = "sha256:1a7ead55c7e559dd4dee8856e3a88b41225abfe1ce8df57b7c13915fe121ffb8"},
]

[[package]]
name = "tzdata"
version = "2025.1"
description = "Provider of IANA time zone data"
optional = false
python-versions = ">=2"
files = [
    {file = "tzdata-2025.1-py2.py3-none-any.whl", hash = "sha256:7e127113816800496f027041c570f50bcd464a020098a3b6b199517772303639"},
    {file = "tzdata-2025.1.tar.gz", hash = "sha256:24894909e88cdb28bd1636c6887801df64cb485bd593f2fd83ef29075a81d694"},
]

[metadata]
lock-version = "2.0"
python-versions = "^3.12"
content-hash = "5a6b211ef4434f51672f80f6f2d5d5e4a28404080b60159b723f5cad4a064a46"
